
Microsoft Visual Studio Solution File, Format Version 12.00
# Visual Studio 15
Project("{2150E333-8FDC-42A3-9474-1A3956D46DE8}") = "0-Presentation", "0-Presentation", "{7E611055-8640-4C54-9F48-93C0196C1E40}"
EndProject
Project("{2150E333-8FDC-42A3-9474-1A3956D46DE8}") = "1-Domain", "1-Domain", "{9F18EA1D-F574-4A08-9D0C-8F1C98400609}"
EndProject
Project("{2150E333-8FDC-42A3-9474-1A3956D46DE8}") = "2-SMSProvider", "2-SMSProvider", "{0BDCBF18-33F3-45FC-B2ED-33B2380688FC}"
EndProject
Project("{2150E333-8FDC-42A3-9474-1A3956D46DE8}") = "3-Common", "3-Common", "{7E34C1BD-0BF2-456E-9A9F-26152278AF43}"
EndProject
Project("{2150E333-8FDC-42A3-9474-1A3956D46DE8}") = "4-Repository", "4-Repository", "{E1CECBA7-1DD4-48BF-8AE8-A3FBF28E7667}"
EndProject
Project("{FAE04EC0-301F-11D3-BF4B-00C04F79EFBC}") = "Sms.API", "Sms.API\Sms.API.csproj", "{BB5EF79B-000D-4C75-B2C8-60FFDB655D3A}"
EndProject
Project("{FAE04EC0-301F-11D3-BF4B-00C04F79EFBC}") = "Sms.Domain", "Sms.Domain\Sms.Domain.csproj", "{E0635075-C964-4CBB-8BF7-C27D8D5A4288}"
EndProject
Project("{FAE04EC0-301F-11D3-BF4B-00C04F79EFBC}") = "Sms.Logic", "Sms.Logic\Sms.Logic.csproj", "{E9D19629-74D8-4A40-ACF4-0186A3A8FC32}"
EndProject
Project("{FAE04EC0-301F-11D3-BF4B-00C04F79EFBC}") = "Sms.Model", "Sms.Model\Sms.Model.csproj", "{E9FCE883-2ADF-498C-8CA3-5683578C7AB9}"
EndProject
Project("{FAE04EC0-301F-11D3-BF4B-00C04F79EFBC}") = "Sms.Core", "Sms.Core\Sms.Core.csproj", "{4F23DDA2-D831-467E-9A64-33B15700C3C5}"
EndProject
Project("{FAE04EC0-301F-11D3-BF4B-00C04F79EFBC}") = "Sms.Repository", "Sms.Reporitory\Sms.Repository.csproj", "{3F60F656-36C3-4309-9006-190392A9AEBB}"
EndProject
Project("{FAE04EC0-301F-11D3-BF4B-00C04F79EFBC}") = "Sms.Repository.Model", "Sms.Repository.Model\Sms.Repository.Model.csproj", "{2CC31E45-D463-43B7-BF49-ED6A39D5A0C2}"
EndProject
Global
	GlobalSection(SolutionConfigurationPlatforms) = preSolution
		Debug|Any CPU = Debug|Any CPU
		Release|Any CPU = Release|Any CPU
	EndGlobalSection
	GlobalSection(ProjectConfigurationPlatforms) = postSolution
		{BB5EF79B-000D-4C75-B2C8-60FFDB655D3A}.Debug|Any CPU.ActiveCfg = Debug|Any CPU
		{BB5EF79B-000D-4C75-B2C8-60FFDB655D3A}.Debug|Any CPU.Build.0 = Debug|Any CPU
		{BB5EF79B-000D-4C75-B2C8-60FFDB655D3A}.Release|Any CPU.ActiveCfg = Release|Any CPU
		{BB5EF79B-000D-4C75-B2C8-60FFDB655D3A}.Release|Any CPU.Build.0 = Release|Any CPU
		{E0635075-C964-4CBB-8BF7-C27D8D5A4288}.Debug|Any CPU.ActiveCfg = Debug|Any CPU
		{E0635075-C964-4CBB-8BF7-C27D8D5A4288}.Debug|Any CPU.Build.0 = Debug|Any CPU
		{E0635075-C964-4CBB-8BF7-C27D8D5A4288}.Release|Any CPU.ActiveCfg = Release|Any CPU
		{E0635075-C964-4CBB-8BF7-C27D8D5A4288}.Release|Any CPU.Build.0 = Release|Any CPU
		{E9D19629-74D8-4A40-ACF4-0186A3A8FC32}.Debug|Any CPU.ActiveCfg = Debug|Any CPU
		{E9D19629-74D8-4A40-ACF4-0186A3A8FC32}.Debug|Any CPU.Build.0 = Debug|Any CPU
		{E9D19629-74D8-4A40-ACF4-0186A3A8FC32}.Release|Any CPU.ActiveCfg = Release|Any CPU
		{E9D19629-74D8-4A40-ACF4-0186A3A8FC32}.Release|Any CPU.Build.0 = Release|Any CPU
		{E9FCE883-2ADF-498C-8CA3-5683578C7AB9}.Debug|Any CPU.ActiveCfg = Debug|Any CPU
		{E9FCE883-2ADF-498C-8CA3-5683578C7AB9}.Debug|Any CPU.Build.0 = Debug|Any CPU
		{E9FCE883-2ADF-498C-8CA3-5683578C7AB9}.Release|Any CPU.ActiveCfg = Release|Any CPU
		{E9FCE883-2ADF-498C-8CA3-5683578C7AB9}.Release|Any CPU.Build.0 = Release|Any CPU
		{4F23DDA2-D831-467E-9A64-33B15700C3C5}.Debug|Any CPU.ActiveCfg = Debug|Any CPU
		{4F23DDA2-D831-467E-9A64-33B15700C3C5}.Debug|Any CPU.Build.0 = Debug|Any CPU
		{4F23DDA2-D831-467E-9A64-33B15700C3C5}.Release|Any CPU.ActiveCfg = Release|Any CPU
		{4F23DDA2-D831-467E-9A64-33B15700C3C5}.Release|Any CPU.Build.0 = Release|Any CPU
		{3F60F656-36C3-4309-9006-190392A9AEBB}.Debug|Any CPU.ActiveCfg = Debug|Any CPU
		{3F60F656-36C3-4309-9006-190392A9AEBB}.Debug|Any CPU.Build.0 = Debug|Any CPU
		{3F60F656-36C3-4309-9006-190392A9AEBB}.Release|Any CPU.ActiveCfg = Release|Any CPU
		{3F60F656-36C3-4309-9006-190392A9AEBB}.Release|Any CPU.Build.0 = Release|Any CPU
		{2CC31E45-D463-43B7-BF49-ED6A39D5A0C2}.Debug|Any CPU.ActiveCfg = Debug|Any CPU
		{2CC31E45-D463-43B7-BF49-ED6A39D5A0C2}.Debug|Any CPU.Build.0 = Debug|Any CPU
		{2CC31E45-D463-43B7-BF49-ED6A39D5A0C2}.Release|Any CPU.ActiveCfg = Release|Any CPU
		{2CC31E45-D463-43B7-BF49-ED6A39D5A0C2}.Release|Any CPU.Build.0 = Release|Any CPU
	EndGlobalSection
	GlobalSection(NestedProjects) = preSolution
		{BB5EF79B-000D-4C75-B2C8-60FFDB655D3A} = {7E611055-8640-4C54-9F48-93C0196C1E40}
		{E0635075-C964-4CBB-8BF7-C27D8D5A4288} = {9F18EA1D-F574-4A08-9D0C-8F1C98400609}
		{E9D19629-74D8-4A40-ACF4-0186A3A8FC32} = {9F18EA1D-F574-4A08-9D0C-8F1C98400609}
		{E9FCE883-2ADF-498C-8CA3-5683578C7AB9} = {9F18EA1D-F574-4A08-9D0C-8F1C98400609}
		{4F23DDA2-D831-467E-9A64-33B15700C3C5} = {7E34C1BD-0BF2-456E-9A9F-26152278AF43}
		{3F60F656-36C3-4309-9006-190392A9AEBB} = {E1CECBA7-1DD4-48BF-8AE8-A3FBF28E7667}
		{2CC31E45-D463-43B7-BF49-ED6A39D5A0C2} = {E1CECBA7-1DD4-48BF-8AE8-A3FBF28E7667}
	EndGlobalSection
EndGlobal
